
Microsoft Visual Studio Solution File, Format Version 12.00
# Visual Studio Version 16
VisualStudioVersion = 16.0.29509.3
MinimumVisualStudioVersion = 10.0.40219.1
Project("{FAE04EC0-301F-11D3-BF4B-00C04F79EFBC}") = "MakeItGain.AppStarter", "FinAssist.AppStarter\MakeItGain.AppStarter.csproj", "{6C6DDEA8-C6E4-4D4A-B308-6F3DCB109AF5}"
EndProject
Project("{FAE04EC0-301F-11D3-BF4B-00C04F79EFBC}") = "MakeItGain.BaseLib", "FinAssist.BaseLib\MakeItGain.BaseLib.csproj", "{1B25DD35-A85E-46A6-8804-131D26A303E4}"
EndProject
Project("{FAE04EC0-301F-11D3-BF4B-00C04F79EFBC}") = "MakeItGain.Controllers", "FinAssist.Controllers\MakeItGain.Controllers.csproj", "{E563C752-1B7A-44E8-817B-4A3527321122}"
EndProject
Project("{FAE04EC0-301F-11D3-BF4B-00C04F79EFBC}") = "MakeItGain.MemoryBasedDAL", "FinAssist.MemoryBasedDAL\MakeItGain.MemoryBasedDAL.csproj", "{82230F8E-489E-42D6-9FA6-1BDF21E1E4A0}"
EndProject
Project("{FAE04EC0-301F-11D3-BF4B-00C04F79EFBC}") = "MakeItGain.Model", "FinAssist.Model\MakeItGain.Model.csproj", "{E2CB6E11-5265-441B-9747-9A9D80EFA16A}"
EndProject
Project("{FAE04EC0-301F-11D3-BF4B-00C04F79EFBC}") = "MakeItGain.PresentationLayer", "FinAssist.PresentationLayer\MakeItGain.PresentationLayer.csproj", "{6F7C9BAD-EE32-48E4-8FD5-503CB3FF9A17}"
EndProject
Project("{FAE04EC0-301F-11D3-BF4B-00C04F79EFBC}") = "MakeItGain.MemoryBasedDAL.Tests", "MakeItGain.MemoryBasedDAL.Tests\MakeItGain.MemoryBasedDAL.Tests.csproj", "{DC219A82-F209-47B4-82B2-D976A706E5DF}"
EndProject
Global
	GlobalSection(SolutionConfigurationPlatforms) = preSolution
		Debug|Any CPU = Debug|Any CPU
		Release|Any CPU = Release|Any CPU
	EndGlobalSection
	GlobalSection(ProjectConfigurationPlatforms) = postSolution
		{6C6DDEA8-C6E4-4D4A-B308-6F3DCB109AF5}.Debug|Any CPU.ActiveCfg = Debug|Any CPU
		{6C6DDEA8-C6E4-4D4A-B308-6F3DCB109AF5}.Debug|Any CPU.Build.0 = Debug|Any CPU
		{6C6DDEA8-C6E4-4D4A-B308-6F3DCB109AF5}.Release|Any CPU.ActiveCfg = Release|Any CPU
		{6C6DDEA8-C6E4-4D4A-B308-6F3DCB109AF5}.Release|Any CPU.Build.0 = Release|Any CPU
		{1B25DD35-A85E-46A6-8804-131D26A303E4}.Debug|Any CPU.ActiveCfg = Debug|Any CPU
		{1B25DD35-A85E-46A6-8804-131D26A303E4}.Debug|Any CPU.Build.0 = Debug|Any CPU
		{1B25DD35-A85E-46A6-8804-131D26A303E4}.Release|Any CPU.ActiveCfg = Release|Any CPU
		{1B25DD35-A85E-46A6-8804-131D26A303E4}.Release|Any CPU.Build.0 = Release|Any CPU
		{E563C752-1B7A-44E8-817B-4A3527321122}.Debug|Any CPU.ActiveCfg = Debug|Any CPU
		{E563C752-1B7A-44E8-817B-4A3527321122}.Debug|Any CPU.Build.0 = Debug|Any CPU
		{E563C752-1B7A-44E8-817B-4A3527321122}.Release|Any CPU.ActiveCfg = Release|Any CPU
		{E563C752-1B7A-44E8-817B-4A3527321122}.Release|Any CPU.Build.0 = Release|Any CPU
		{82230F8E-489E-42D6-9FA6-1BDF21E1E4A0}.Debug|Any CPU.ActiveCfg = Debug|Any CPU
		{82230F8E-489E-42D6-9FA6-1BDF21E1E4A0}.Debug|Any CPU.Build.0 = Debug|Any CPU
		{82230F8E-489E-42D6-9FA6-1BDF21E1E4A0}.Release|Any CPU.ActiveCfg = Release|Any CPU
		{82230F8E-489E-42D6-9FA6-1BDF21E1E4A0}.Release|Any CPU.Build.0 = Release|Any CPU
		{E2CB6E11-5265-441B-9747-9A9D80EFA16A}.Debug|Any CPU.ActiveCfg = Debug|Any CPU
		{E2CB6E11-5265-441B-9747-9A9D80EFA16A}.Debug|Any CPU.Build.0 = Debug|Any CPU
		{E2CB6E11-5265-441B-9747-9A9D80EFA16A}.Release|Any CPU.ActiveCfg = Release|Any CPU
		{E2CB6E11-5265-441B-9747-9A9D80EFA16A}.Release|Any CPU.Build.0 = Release|Any CPU
		{6F7C9BAD-EE32-48E4-8FD5-503CB3FF9A17}.Debug|Any CPU.ActiveCfg = Debug|Any CPU
		{6F7C9BAD-EE32-48E4-8FD5-503CB3FF9A17}.Debug|Any CPU.Build.0 = Debug|Any CPU
		{6F7C9BAD-EE32-48E4-8FD5-503CB3FF9A17}.Release|Any CPU.ActiveCfg = Release|Any CPU
		{6F7C9BAD-EE32-48E4-8FD5-503CB3FF9A17}.Release|Any CPU.Build.0 = Release|Any CPU
		{DC219A82-F209-47B4-82B2-D976A706E5DF}.Debug|Any CPU.ActiveCfg = Debug|Any CPU
		{DC219A82-F209-47B4-82B2-D976A706E5DF}.Debug|Any CPU.Build.0 = Debug|Any CPU
		{DC219A82-F209-47B4-82B2-D976A706E5DF}.Release|Any CPU.ActiveCfg = Release|Any CPU
		{DC219A82-F209-47B4-82B2-D976A706E5DF}.Release|Any CPU.Build.0 = Release|Any CPU
	EndGlobalSection
	GlobalSection(SolutionProperties) = preSolution
		HideSolutionNode = FALSE
	EndGlobalSection
	GlobalSection(ExtensibilityGlobals) = postSolution
		SolutionGuid = {ACBC4395-8463-4D93-BE64-E50A23B27337}
	EndGlobalSection
EndGlobal
